
Microsoft Visual Studio Solution File, Format Version 12.00
# Visual Studio Version 16
VisualStudioVersion = 16.0.31702.278
MinimumVisualStudioVersion = 10.0.40219.1
Project("{9A19103F-16F7-4668-BE54-9A1E7A4F7556}") = "01LearningCsharp", "01LearningCsharp\01LearningCsharp.csproj", "{C161C0E9-90AD-4585-B189-12878EF50E11}"
EndProject
Project("{FAE04EC0-301F-11D3-BF4B-00C04F79EFBC}") = "02LearningCsharpForLoop", "02LearningCsharpForLoop\02LearningCsharpForLoop.csproj", "{58919EBF-E077-47B0-8A5D-3186F0830FDC}"
EndProject
Global
	GlobalSection(SolutionConfigurationPlatforms) = preSolution
		Debug|Any CPU = Debug|Any CPU
		Release|Any CPU = Release|Any CPU
	EndGlobalSection
	GlobalSection(ProjectConfigurationPlatforms) = postSolution
		{C161C0E9-90AD-4585-B189-12878EF50E11}.Debug|Any CPU.ActiveCfg = Debug|Any CPU
		{C161C0E9-90AD-4585-B189-12878EF50E11}.Debug|Any CPU.Build.0 = Debug|Any CPU
		{C161C0E9-90AD-4585-B189-12878EF50E11}.Release|Any CPU.ActiveCfg = Release|Any CPU
		{C161C0E9-90AD-4585-B189-12878EF50E11}.Release|Any CPU.Build.0 = Release|Any CPU
		{58919EBF-E077-47B0-8A5D-3186F0830FDC}.Debug|Any CPU.ActiveCfg = Debug|Any CPU
		{58919EBF-E077-47B0-8A5D-3186F0830FDC}.Debug|Any CPU.Build.0 = Debug|Any CPU
		{58919EBF-E077-47B0-8A5D-3186F0830FDC}.Release|Any CPU.ActiveCfg = Release|Any CPU
		{58919EBF-E077-47B0-8A5D-3186F0830FDC}.Release|Any CPU.Build.0 = Release|Any CPU
	EndGlobalSection
	GlobalSection(SolutionProperties) = preSolution
		HideSolutionNode = FALSE
	EndGlobalSection
	GlobalSection(ExtensibilityGlobals) = postSolution
		SolutionGuid = {FBBA893C-5DF4-4681-9141-7D5D554A55D6}
	EndGlobalSection
EndGlobal
