
Microsoft Visual Studio Solution File, Format Version 12.00
# Visual Studio Version 16
VisualStudioVersion = 16.0.31424.327
MinimumVisualStudioVersion = 10.0.40219.1
Project("{FAE04EC0-301F-11D3-BF4B-00C04F79EFBC}") = "pontoFlutuante", "pontoFlutuante\pontoFlutuante.csproj", "{CC7E48B4-E431-4A4F-B5EF-88934C8CA33E}"
EndProject
Global
	GlobalSection(SolutionConfigurationPlatforms) = preSolution
		Debug|Any CPU = Debug|Any CPU
		Release|Any CPU = Release|Any CPU
	EndGlobalSection
	GlobalSection(ProjectConfigurationPlatforms) = postSolution
		{CC7E48B4-E431-4A4F-B5EF-88934C8CA33E}.Debug|Any CPU.ActiveCfg = Debug|Any CPU
		{CC7E48B4-E431-4A4F-B5EF-88934C8CA33E}.Debug|Any CPU.Build.0 = Debug|Any CPU
		{CC7E48B4-E431-4A4F-B5EF-88934C8CA33E}.Release|Any CPU.ActiveCfg = Release|Any CPU
		{CC7E48B4-E431-4A4F-B5EF-88934C8CA33E}.Release|Any CPU.Build.0 = Release|Any CPU
	EndGlobalSection
	GlobalSection(SolutionProperties) = preSolution
		HideSolutionNode = FALSE
	EndGlobalSection
	GlobalSection(ExtensibilityGlobals) = postSolution
		SolutionGuid = {BDBCC1B1-9561-4319-837C-3F56D0B4C3C6}
	EndGlobalSection
EndGlobal
